
Microsoft Visual Studio Solution File, Format Version 12.00
# Visual Studio Version 17
VisualStudioVersion = 17.5.33318.248
MinimumVisualStudioVersion = 10.0.40219.1
Project("{FAE04EC0-301F-11D3-BF4B-00C04F79EFBC}") = "University", "University\University.csproj", "{423E90A9-E8D9-4FD5-ABB1-6E6787397F5B}"
EndProject
Global
	GlobalSection(SolutionConfigurationPlatforms) = preSolution
		Debug|Any CPU = Debug|Any CPU
		Release|Any CPU = Release|Any CPU
	EndGlobalSection
	GlobalSection(ProjectConfigurationPlatforms) = postSolution
		{423E90A9-E8D9-4FD5-ABB1-6E6787397F5B}.Debug|Any CPU.ActiveCfg = Debug|Any CPU
		{423E90A9-E8D9-4FD5-ABB1-6E6787397F5B}.Debug|Any CPU.Build.0 = Debug|Any CPU
		{423E90A9-E8D9-4FD5-ABB1-6E6787397F5B}.Release|Any CPU.ActiveCfg = Release|Any CPU
		{423E90A9-E8D9-4FD5-ABB1-6E6787397F5B}.Release|Any CPU.Build.0 = Release|Any CPU
	EndGlobalSection
	GlobalSection(SolutionProperties) = preSolution
		HideSolutionNode = FALSE
	EndGlobalSection
	GlobalSection(ExtensibilityGlobals) = postSolution
		SolutionGuid = {8368225A-60E2-4502-A33E-FA2CFC38BC93}
	EndGlobalSection
EndGlobal
